
Microsoft Visual Studio Solution File, Format Version 12.00
# Visual Studio Version 17
VisualStudioVersion = 17.8.34330.188
MinimumVisualStudioVersion = 10.0.40219.1
Project("{FAE04EC0-301F-11D3-BF4B-00C04F79EFBC}") = "EncodingVideo.Api", "src\EncodingVideo.Api\EncodingVideo.Api.csproj", "{649B40BC-289F-4C90-B0F0-0FF807080C3D}"
EndProject
Global
	GlobalSection(SolutionConfigurationPlatforms) = preSolution
		Debug|Any CPU = Debug|Any CPU
		Release|Any CPU = Release|Any CPU
	EndGlobalSection
	GlobalSection(ProjectConfigurationPlatforms) = postSolution
		{649B40BC-289F-4C90-B0F0-0FF807080C3D}.Debug|Any CPU.ActiveCfg = Debug|Any CPU
		{649B40BC-289F-4C90-B0F0-0FF807080C3D}.Debug|Any CPU.Build.0 = Debug|Any CPU
		{649B40BC-289F-4C90-B0F0-0FF807080C3D}.Release|Any CPU.ActiveCfg = Release|Any CPU
		{649B40BC-289F-4C90-B0F0-0FF807080C3D}.Release|Any CPU.Build.0 = Release|Any CPU
	EndGlobalSection
	GlobalSection(SolutionProperties) = preSolution
		HideSolutionNode = FALSE
	EndGlobalSection
	GlobalSection(ExtensibilityGlobals) = postSolution
		SolutionGuid = {7A1C7890-55F4-4D95-8059-0DA90AC3EF9C}
	EndGlobalSection
EndGlobal
